
Microsoft Visual Studio Solution File, Format Version 12.00
# Visual Studio Version 17
VisualStudioVersion = 17.8.34316.72
MinimumVisualStudioVersion = 10.0.40219.1
Project("{2150E333-8FDC-42A3-9474-1A3956D46DE8}") = "src", "src", "{0A65D08B-FEF6-4700-ADF8-E8B4A32F9899}"
EndProject
Project("{2150E333-8FDC-42A3-9474-1A3956D46DE8}") = "Api", "Api", "{7C260408-430B-4C33-9315-C71D9314A99A}"
EndProject
Project("{2150E333-8FDC-42A3-9474-1A3956D46DE8}") = "Common", "Common", "{D906CAF4-9ED9-483F-B42B-CF0134BF9947}"
EndProject
Project("{2150E333-8FDC-42A3-9474-1A3956D46DE8}") = "Projections", "Projections", "{2E33CD63-CF84-4198-A2AA-8E4295C40401}"
EndProject
Project("{2150E333-8FDC-42A3-9474-1A3956D46DE8}") = "Clients", "Clients", "{404E1E57-B5FB-4A94-8B26-2C8E9110218D}"
EndProject
Project("{2150E333-8FDC-42A3-9474-1A3956D46DE8}") = "Core", "Core", "{AD1E3D27-A582-4CA7-86A5-95F45C24646F}"
EndProject
Project("{2150E333-8FDC-42A3-9474-1A3956D46DE8}") = "Infrastructure", "Infrastructure", "{975FFD4D-597C-4FDA-A5D9-887D9E8A6F68}"
EndProject
Project("{2150E333-8FDC-42A3-9474-1A3956D46DE8}") = "WebAPI", "WebAPI", "{941CEFB9-E4EA-4DCE-BD57-E552406289D0}"
EndProject
Project("{2150E333-8FDC-42A3-9474-1A3956D46DE8}") = "BazorWeb", "BazorWeb", "{7AA9085C-91B0-4B72-BF13-902C68312D57}"
EndProject
Project("{9A19103F-16F7-4668-BE54-9A1E7A4F7556}") = "BlazorSozluk.Common", "src\Common\BlazorSozuk.Common\BlazorSozluk.Common.csproj", "{E251C680-A7E7-4E76-ADEC-AA050DB564FD}"
EndProject
Project("{9A19103F-16F7-4668-BE54-9A1E7A4F7556}") = "BlazorSozluk.Api.Domain", "src\api\Core\BlazorSozluk.Api.Domain\BlazorSozluk.Api.Domain.csproj", "{2738D191-45C4-44EA-B897-53911BF87844}"
EndProject
Project("{9A19103F-16F7-4668-BE54-9A1E7A4F7556}") = "BlazorSozluk.Api.Application", "src\api\Core\BlazorSozluk.Api.Application\BlazorSozluk.Api.Application.csproj", "{B5312DED-7EBB-4662-AF96-D8520B9B8915}"
EndProject
Project("{9A19103F-16F7-4668-BE54-9A1E7A4F7556}") = "BlazorSozluk.Api.Infrastructure.Persistence", "src\api\Infrastructure\BlazorSozluk.Infrastructure.Persistence\BlazorSozluk.Api.Infrastructure.Persistence.csproj", "{1E1A64D9-AC75-4857-BFA4-1F29CEBC59E5}"
EndProject
Project("{9A19103F-16F7-4668-BE54-9A1E7A4F7556}") = "BlazorSozluk.Api.WebApi", "src\api\WebApi\BlazorSozluk.Api.WebApi\BlazorSozluk.Api.WebApi.csproj", "{7E295F65-C663-4F92-BB78-23DB688F70B4}"
EndProject
Project("{9A19103F-16F7-4668-BE54-9A1E7A4F7556}") = "BlazorSozluk.Projections.FavoriteService", "src\Projections\BlazorSozluk.Projections.FavoriteService\BlazorSozluk.Projections.FavoriteService.csproj", "{4613AAAF-8CC1-46D8-9B1E-6E3A06538E4F}"
EndProject
Project("{9A19103F-16F7-4668-BE54-9A1E7A4F7556}") = "BlazorSozluk.Projections.VoteService", "src\Projections\BlazorSozluk.Projections.VoteService\BlazorSozluk.Projections.VoteService.csproj", "{2D932C41-407C-4978-A630-297FB6EF8C43}"
EndProject
Project("{9A19103F-16F7-4668-BE54-9A1E7A4F7556}") = "BlazorSozluk.WebApp", "src\Client\BlazorWeb\BlazorSozluk.WebApp\BlazorSozluk.WebApp.csproj", "{568C4E68-1B11-40DC-B669-E45634593205}"
EndProject
Project("{9A19103F-16F7-4668-BE54-9A1E7A4F7556}") = "BlazorSozluk.Projections.UserService", "src\Projections\BlazorSozluk.Projections.UserService\BlazorSozluk.Projections.UserService.csproj", "{1D2EFF26-D1A1-4761-8E82-E6753F90FB2F}"
EndProject
Global
	GlobalSection(SolutionConfigurationPlatforms) = preSolution
		Debug|Any CPU = Debug|Any CPU
		Release|Any CPU = Release|Any CPU
	EndGlobalSection
	GlobalSection(ProjectConfigurationPlatforms) = postSolution
		{E251C680-A7E7-4E76-ADEC-AA050DB564FD}.Debug|Any CPU.ActiveCfg = Debug|Any CPU
		{E251C680-A7E7-4E76-ADEC-AA050DB564FD}.Debug|Any CPU.Build.0 = Debug|Any CPU
		{E251C680-A7E7-4E76-ADEC-AA050DB564FD}.Release|Any CPU.ActiveCfg = Release|Any CPU
		{E251C680-A7E7-4E76-ADEC-AA050DB564FD}.Release|Any CPU.Build.0 = Release|Any CPU
		{2738D191-45C4-44EA-B897-53911BF87844}.Debug|Any CPU.ActiveCfg = Debug|Any CPU
		{2738D191-45C4-44EA-B897-53911BF87844}.Debug|Any CPU.Build.0 = Debug|Any CPU
		{2738D191-45C4-44EA-B897-53911BF87844}.Release|Any CPU.ActiveCfg = Release|Any CPU
		{2738D191-45C4-44EA-B897-53911BF87844}.Release|Any CPU.Build.0 = Release|Any CPU
		{B5312DED-7EBB-4662-AF96-D8520B9B8915}.Debug|Any CPU.ActiveCfg = Debug|Any CPU
		{B5312DED-7EBB-4662-AF96-D8520B9B8915}.Debug|Any CPU.Build.0 = Debug|Any CPU
		{B5312DED-7EBB-4662-AF96-D8520B9B8915}.Release|Any CPU.ActiveCfg = Release|Any CPU
		{B5312DED-7EBB-4662-AF96-D8520B9B8915}.Release|Any CPU.Build.0 = Release|Any CPU
		{1E1A64D9-AC75-4857-BFA4-1F29CEBC59E5}.Debug|Any CPU.ActiveCfg = Debug|Any CPU
		{1E1A64D9-AC75-4857-BFA4-1F29CEBC59E5}.Debug|Any CPU.Build.0 = Debug|Any CPU
		{1E1A64D9-AC75-4857-BFA4-1F29CEBC59E5}.Release|Any CPU.ActiveCfg = Release|Any CPU
		{1E1A64D9-AC75-4857-BFA4-1F29CEBC59E5}.Release|Any CPU.Build.0 = Release|Any CPU
		{7E295F65-C663-4F92-BB78-23DB688F70B4}.Debug|Any CPU.ActiveCfg = Debug|Any CPU
		{7E295F65-C663-4F92-BB78-23DB688F70B4}.Debug|Any CPU.Build.0 = Debug|Any CPU
		{7E295F65-C663-4F92-BB78-23DB688F70B4}.Release|Any CPU.ActiveCfg = Release|Any CPU
		{7E295F65-C663-4F92-BB78-23DB688F70B4}.Release|Any CPU.Build.0 = Release|Any CPU
		{4613AAAF-8CC1-46D8-9B1E-6E3A06538E4F}.Debug|Any CPU.ActiveCfg = Debug|Any CPU
		{4613AAAF-8CC1-46D8-9B1E-6E3A06538E4F}.Debug|Any CPU.Build.0 = Debug|Any CPU
		{4613AAAF-8CC1-46D8-9B1E-6E3A06538E4F}.Release|Any CPU.ActiveCfg = Release|Any CPU
		{4613AAAF-8CC1-46D8-9B1E-6E3A06538E4F}.Release|Any CPU.Build.0 = Release|Any CPU
		{2D932C41-407C-4978-A630-297FB6EF8C43}.Debug|Any CPU.ActiveCfg = Debug|Any CPU
		{2D932C41-407C-4978-A630-297FB6EF8C43}.Debug|Any CPU.Build.0 = Debug|Any CPU
		{2D932C41-407C-4978-A630-297FB6EF8C43}.Release|Any CPU.ActiveCfg = Release|Any CPU
		{2D932C41-407C-4978-A630-297FB6EF8C43}.Release|Any CPU.Build.0 = Release|Any CPU
		{568C4E68-1B11-40DC-B669-E45634593205}.Debug|Any CPU.ActiveCfg = Debug|Any CPU
		{568C4E68-1B11-40DC-B669-E45634593205}.Debug|Any CPU.Build.0 = Debug|Any CPU
		{568C4E68-1B11-40DC-B669-E45634593205}.Release|Any CPU.ActiveCfg = Release|Any CPU
		{568C4E68-1B11-40DC-B669-E45634593205}.Release|Any CPU.Build.0 = Release|Any CPU
		{1D2EFF26-D1A1-4761-8E82-E6753F90FB2F}.Debug|Any CPU.ActiveCfg = Debug|Any CPU
		{1D2EFF26-D1A1-4761-8E82-E6753F90FB2F}.Debug|Any CPU.Build.0 = Debug|Any CPU
		{1D2EFF26-D1A1-4761-8E82-E6753F90FB2F}.Release|Any CPU.ActiveCfg = Release|Any CPU
		{1D2EFF26-D1A1-4761-8E82-E6753F90FB2F}.Release|Any CPU.Build.0 = Release|Any CPU
	EndGlobalSection
	GlobalSection(SolutionProperties) = preSolution
		HideSolutionNode = FALSE
	EndGlobalSection
	GlobalSection(NestedProjects) = preSolution
		{7C260408-430B-4C33-9315-C71D9314A99A} = {0A65D08B-FEF6-4700-ADF8-E8B4A32F9899}
		{D906CAF4-9ED9-483F-B42B-CF0134BF9947} = {0A65D08B-FEF6-4700-ADF8-E8B4A32F9899}
		{2E33CD63-CF84-4198-A2AA-8E4295C40401} = {0A65D08B-FEF6-4700-ADF8-E8B4A32F9899}
		{404E1E57-B5FB-4A94-8B26-2C8E9110218D} = {0A65D08B-FEF6-4700-ADF8-E8B4A32F9899}
		{AD1E3D27-A582-4CA7-86A5-95F45C24646F} = {7C260408-430B-4C33-9315-C71D9314A99A}
		{975FFD4D-597C-4FDA-A5D9-887D9E8A6F68} = {7C260408-430B-4C33-9315-C71D9314A99A}
		{941CEFB9-E4EA-4DCE-BD57-E552406289D0} = {7C260408-430B-4C33-9315-C71D9314A99A}
		{7AA9085C-91B0-4B72-BF13-902C68312D57} = {404E1E57-B5FB-4A94-8B26-2C8E9110218D}
		{E251C680-A7E7-4E76-ADEC-AA050DB564FD} = {D906CAF4-9ED9-483F-B42B-CF0134BF9947}
		{2738D191-45C4-44EA-B897-53911BF87844} = {AD1E3D27-A582-4CA7-86A5-95F45C24646F}
		{B5312DED-7EBB-4662-AF96-D8520B9B8915} = {AD1E3D27-A582-4CA7-86A5-95F45C24646F}
		{1E1A64D9-AC75-4857-BFA4-1F29CEBC59E5} = {975FFD4D-597C-4FDA-A5D9-887D9E8A6F68}
		{7E295F65-C663-4F92-BB78-23DB688F70B4} = {941CEFB9-E4EA-4DCE-BD57-E552406289D0}
		{4613AAAF-8CC1-46D8-9B1E-6E3A06538E4F} = {2E33CD63-CF84-4198-A2AA-8E4295C40401}
		{2D932C41-407C-4978-A630-297FB6EF8C43} = {2E33CD63-CF84-4198-A2AA-8E4295C40401}
		{568C4E68-1B11-40DC-B669-E45634593205} = {7AA9085C-91B0-4B72-BF13-902C68312D57}
		{1D2EFF26-D1A1-4761-8E82-E6753F90FB2F} = {2E33CD63-CF84-4198-A2AA-8E4295C40401}
	EndGlobalSection
	GlobalSection(ExtensibilityGlobals) = postSolution
		SolutionGuid = {85FCDF60-20B3-4DD1-9011-778245171D22}
	EndGlobalSection
EndGlobal
